Microsoft Visual Studio Solution File, Format Version 11.00
# Visual Studio 2008

Project("{16CAB50C-26CA-5A6D-CC14-B262D6B763B3}") = "DefendTheLight", "Assembly-CSharp.csproj", "{2431E046-64A2-7068-2457-4236684AE78B}"
EndProject
Project("{16CAB50C-26CA-5A6D-CC14-B262D6B763B3}") = "DefendTheLight", "Assembly-CSharp-Editor.csproj", "{D53F1A22-BBA1-3FC5-D2F3-9843AAB8223D}"
EndProject
Global
	GlobalSection(SolutionConfigurationPlatforms) = preSolution
		Debug|Any CPU = Debug|Any CPU
		Release|Any CPU = Release|Any CPU
	EndGlobalSection
	GlobalSection(ProjectConfigurationPlatforms) = postSolution
		{2431E046-64A2-7068-2457-4236684AE78B}.Debug|Any CPU.ActiveCfg = Debug|Any CPU
		{2431E046-64A2-7068-2457-4236684AE78B}.Debug|Any CPU.Build.0 = Debug|Any CPU
		{2431E046-64A2-7068-2457-4236684AE78B}.Release|Any CPU.ActiveCfg = Release|Any CPU
		{2431E046-64A2-7068-2457-4236684AE78B}.Release|Any CPU.Build.0 = Release|Any CPU
		{D53F1A22-BBA1-3FC5-D2F3-9843AAB8223D}.Debug|Any CPU.ActiveCfg = Debug|Any CPU
		{D53F1A22-BBA1-3FC5-D2F3-9843AAB8223D}.Debug|Any CPU.Build.0 = Debug|Any CPU
		{D53F1A22-BBA1-3FC5-D2F3-9843AAB8223D}.Release|Any CPU.ActiveCfg = Release|Any CPU
		{D53F1A22-BBA1-3FC5-D2F3-9843AAB8223D}.Release|Any CPU.Build.0 = Release|Any CPU
	EndGlobalSection
	GlobalSection(SolutionProperties) = preSolution
		HideSolutionNode = FALSE
	EndGlobalSection
	GlobalSection(MonoDevelopProperties) = preSolution
		StartupItem = Assembly-CSharp.csproj
	EndGlobalSection
EndGlobal
